
Microsoft Visual Studio Solution File, Format Version 12.00
# Visual Studio Version 17
VisualStudioVersion = 17.8.34511.84
MinimumVisualStudioVersion = 10.0.40219.1
Project("{9A19103F-16F7-4668-BE54-9A1E7A4F7556}") = "RefurbishedRoboMando", "RefurbishedRoboMando\RefurbishedRoboMando.csproj", "{69DE8FF3-E21F-459E-AB24-638020386D36}"
EndProject
Global
	GlobalSection(SolutionConfigurationPlatforms) = preSolution
		Debug|Any CPU = Debug|Any CPU
		Release|Any CPU = Release|Any CPU
	EndGlobalSection
	GlobalSection(ProjectConfigurationPlatforms) = postSolution
		{69DE8FF3-E21F-459E-AB24-638020386D36}.Debug|Any CPU.ActiveCfg = Debug|Any CPU
		{69DE8FF3-E21F-459E-AB24-638020386D36}.Debug|Any CPU.Build.0 = Debug|Any CPU
		{69DE8FF3-E21F-459E-AB24-638020386D36}.Release|Any CPU.ActiveCfg = Release|Any CPU
		{69DE8FF3-E21F-459E-AB24-638020386D36}.Release|Any CPU.Build.0 = Release|Any CPU
	EndGlobalSection
	GlobalSection(SolutionProperties) = preSolution
		HideSolutionNode = FALSE
	EndGlobalSection
	GlobalSection(ExtensibilityGlobals) = postSolution
		SolutionGuid = {3F75CF6B-41BC-4AC6-8544-B650ECC11F80}
	EndGlobalSection
EndGlobal
